
Microsoft Visual Studio Solution File, Format Version 12.00
# Visual Studio 15
VisualStudioVersion = 15.0.28307.2092
MinimumVisualStudioVersion = 10.0.40219.1
Project("{FAE04EC0-301F-11D3-BF4B-00C04F79EFBC}") = "Extract-Elements-Attributes-App", "Extract-Elements-Attributes-App\Extract-Elements-Attributes-App.csproj", "{F76813DA-43AA-4182-A6F9-DCC61BBB285C}"
EndProject
Global
	GlobalSection(SolutionConfigurationPlatforms) = preSolution
		Debug|Any CPU = Debug|Any CPU
		Release|Any CPU = Release|Any CPU
	EndGlobalSection
	GlobalSection(ProjectConfigurationPlatforms) = postSolution
		{F76813DA-43AA-4182-A6F9-DCC61BBB285C}.Debug|Any CPU.ActiveCfg = Debug|Any CPU
		{F76813DA-43AA-4182-A6F9-DCC61BBB285C}.Debug|Any CPU.Build.0 = Debug|Any CPU
		{F76813DA-43AA-4182-A6F9-DCC61BBB285C}.Release|Any CPU.ActiveCfg = Release|Any CPU
		{F76813DA-43AA-4182-A6F9-DCC61BBB285C}.Release|Any CPU.Build.0 = Release|Any CPU
	EndGlobalSection
	GlobalSection(SolutionProperties) = preSolution
		HideSolutionNode = FALSE
	EndGlobalSection
	GlobalSection(ExtensibilityGlobals) = postSolution
		SolutionGuid = {1D9F7970-3037-4030-A21E-4B2089AC633D}
	EndGlobalSection
EndGlobal
